
Microsoft Visual Studio Solution File, Format Version 12.00
# Visual Studio Version 17
VisualStudioVersion = 17.5.33424.131
MinimumVisualStudioVersion = 10.0.40219.1
Project("{FAE04EC0-301F-11D3-BF4B-00C04F79EFBC}") = "Banking.UnitTests", "Banking.UnitTests\Banking.UnitTests.csproj", "{D8E59A25-299B-40FD-A6E7-7D3D162AE515}"
EndProject
Project("{FAE04EC0-301F-11D3-BF4B-00C04F79EFBC}") = "Banking.Domain", "Banking.Domain\Banking.Domain.csproj", "{DBB50B81-1C01-4660-AF8A-704042FB831E}"
EndProject
Global
	GlobalSection(SolutionConfigurationPlatforms) = preSolution
		Debug|Any CPU = Debug|Any CPU
		Release|Any CPU = Release|Any CPU
	EndGlobalSection
	GlobalSection(ProjectConfigurationPlatforms) = postSolution
		{D8E59A25-299B-40FD-A6E7-7D3D162AE515}.Debug|Any CPU.ActiveCfg = Debug|Any CPU
		{D8E59A25-299B-40FD-A6E7-7D3D162AE515}.Debug|Any CPU.Build.0 = Debug|Any CPU
		{D8E59A25-299B-40FD-A6E7-7D3D162AE515}.Release|Any CPU.ActiveCfg = Release|Any CPU
		{D8E59A25-299B-40FD-A6E7-7D3D162AE515}.Release|Any CPU.Build.0 = Release|Any CPU
		{DBB50B81-1C01-4660-AF8A-704042FB831E}.Debug|Any CPU.ActiveCfg = Debug|Any CPU
		{DBB50B81-1C01-4660-AF8A-704042FB831E}.Debug|Any CPU.Build.0 = Debug|Any CPU
		{DBB50B81-1C01-4660-AF8A-704042FB831E}.Release|Any CPU.ActiveCfg = Release|Any CPU
		{DBB50B81-1C01-4660-AF8A-704042FB831E}.Release|Any CPU.Build.0 = Release|Any CPU
	EndGlobalSection
	GlobalSection(SolutionProperties) = preSolution
		HideSolutionNode = FALSE
	EndGlobalSection
	GlobalSection(ExtensibilityGlobals) = postSolution
		SolutionGuid = {13643724-1F93-43B5-8067-E2C2D3BF3F23}
	EndGlobalSection
EndGlobal
